{
  "name": "julia-system-one",
  "version": "1.0.0",
  "lockfileVersion": 3,
  "requires": true,
  "packages": {
    "": {
      "name": "julia-system-one",
      "version": "1.0.0",
      "hasInstallScript": true,
      "license": "Apache-2.0",
      "bin": {
        "julia-system-one": "bin/cli.js"
      },
      "engines": {
        "node": ">=18.17"
      },
      "optionalDependencies": {
        "@sys-one/julia-model-chunk-00": "1.0.0",
        "@sys-one/julia-model-chunk-01": "1.0.0",
        "@sys-one/julia-model-chunk-02": "1.0.0",
        "@sys-one/julia-model-chunk-03": "1.0.0",
        "@sys-one/julia-model-chunk-04": "1.0.0",
        "@sys-one/julia-model-chunk-05": "1.0.0",
        "@sys-one/julia-model-chunk-06": "1.0.0",
        "@sys-one/julia-model-chunk-07": "1.0.0",
        "@sys-one/julia-model-chunk-08": "1.0.0",
        "@sys-one/julia-model-chunk-09": "1.0.0",
        "@sys-one/julia-model-chunk-10": "1.0.0",
        "@sys-one/julia-model-chunk-11": "1.0.0",
        "@sys-one/julia-model-chunk-12": "1.0.0",
        "@sys-one/julia-serve-darwin-arm64": "1.0.0",
        "@sys-one/julia-serve-darwin-x64": "1.0.0",
        "@sys-one/julia-serve-linux-arm64": "1.0.0",
        "@sys-one/julia-serve-linux-x64": "1.0.0",
        "@sys-one/julia-serve-universal": "1.0.0",
        "@sys-one/julia-serve-win32-arm64": "1.0.0",
        "@sys-one/julia-serve-win32-x64": "1.0.0"
      }
    }
  }
}
