{
  "name": "julia-system-one",
  "version": "1.0.4",
  "lockfileVersion": 3,
  "requires": true,
  "packages": {
    "": {
      "name": "julia-system-one",
      "version": "1.0.4",
      "hasInstallScript": true,
      "license": "Apache-2.0",
      "bin": {
        "julia-system-one": "bin/cli.js"
      },
      "engines": {
        "node": ">=18.17"
      },
      "optionalDependencies": {
        "@sys-one/julia-model-chunk-00": "1.0.0",
        "@sys-one/julia-model-chunk-01": "1.0.0",
        "@sys-one/julia-model-chunk-02": "1.0.0",
        "@sys-one/julia-model-chunk-03": "1.0.0",
        "@sys-one/julia-model-chunk-04": "1.0.0",
        "@sys-one/julia-model-chunk-05": "1.0.0",
        "@sys-one/julia-serve-darwin-arm64": "1.0.0",
        "@sys-one/julia-serve-darwin-x64": "1.0.0",
        "@sys-one/julia-serve-linux-arm64": "1.0.0",
        "@sys-one/julia-serve-linux-x64": "1.0.0",
        "@sys-one/julia-serve-universal": "1.0.0",
        "@sys-one/julia-serve-win32-arm64": "1.0.0",
        "@sys-one/julia-serve-win32-x64": "1.0.0"
      }
    },
    "node_modules/@sys-one/julia-model-chunk-00": {
      "version": "1.0.0",
      "resolved": "https://registry.npmjs.org/@sys-one/julia-model-chunk-00/-/julia-model-chunk-00-1.0.0.tgz",
      "integrity": "sha512-3nZCLf0RE3Scy17xLQeL32TErmjONjanjQOcereuLykn99Ixk7AuUc3jUChBFpdr9PGKMnr7rXugh3BZlH2ZtA==",
      "license": "Apache-2.0",
      "optional": true
    },
    "node_modules/@sys-one/julia-model-chunk-01": {
      "version": "1.0.0",
      "resolved": "https://registry.npmjs.org/@sys-one/julia-model-chunk-01/-/julia-model-chunk-01-1.0.0.tgz",
      "integrity": "sha512-uDBG4jRBljNkAlq7zdXGqgrSetZr7ih5W841QY7u8wPHSGIHlzNOKaKHT8/moNRbK+pqMe26cy0Bckpw2+mAdQ==",
      "license": "Apache-2.0",
      "optional": true
    },
    "node_modules/@sys-one/julia-model-chunk-02": {
      "version": "1.0.0",
      "resolved": "https://registry.npmjs.org/@sys-one/julia-model-chunk-02/-/julia-model-chunk-02-1.0.0.tgz",
      "integrity": "sha512-Z66/+FdY0fDNQb6i33LneGuMEcASzjvEff1RHQkfxvsnZOb/PITp6AGTunrdPYa7inVXnMEhs9op2wawmkhpVw==",
      "license": "Apache-2.0",
      "optional": true
    },
    "node_modules/@sys-one/julia-model-chunk-03": {
      "version": "1.0.0",
      "resolved": "https://registry.npmjs.org/@sys-one/julia-model-chunk-03/-/julia-model-chunk-03-1.0.0.tgz",
      "integrity": "sha512-qrhH+V1fmwye++RrojOaMeaXglA0cmmbK0wo7esGtmke8WlxQsCX0TqKYar/vEgvNXtKygBLDW0QPDXfCcSBKQ==",
      "license": "Apache-2.0",
      "optional": true
    },
    "node_modules/@sys-one/julia-model-chunk-04": {
      "version": "1.0.0",
      "resolved": "https://registry.npmjs.org/@sys-one/julia-model-chunk-04/-/julia-model-chunk-04-1.0.0.tgz",
      "integrity": "sha512-vzLH+mxYgNLSjRuEkG5aTZd5YkHO4zRVGlX/xtjGWEPJ4oXke0z1byO0QDUaiRUse9hLckpWLQ0m+ukSe3h4sw==",
      "license": "Apache-2.0",
      "optional": true
    },
    "node_modules/@sys-one/julia-model-chunk-05": {
      "version": "1.0.0",
      "resolved": "https://registry.npmjs.org/@sys-one/julia-model-chunk-05/-/julia-model-chunk-05-1.0.0.tgz",
      "integrity": "sha512-DEeVNuMAXtDdH5Y+8IEL/65MRkAkcFiUsig+AqTt5XIx4EjYq4u5wLDGk9UgP2apG0ANpTACQ9doHgBWNxryUA==",
      "license": "Apache-2.0",
      "optional": true
    },
    "node_modules/@sys-one/julia-serve-darwin-arm64": {
      "version": "1.0.0",
      "resolved": "https://registry.npmjs.org/@sys-one/julia-serve-darwin-arm64/-/julia-serve-darwin-arm64-1.0.0.tgz",
      "integrity": "sha512-t0fDPS7OExAouLzfs53HifCDDKdojjP/9mwtp39antu1XUf6qX92UZ8XQEjbZHAJ81HhuNufmFMDs+E8lYGkHA==",
      "cpu": [
        "arm64"
      ],
      "license": "Apache-2.0",
      "optional": true,
      "os": [
        "darwin"
      ]
    },
    "node_modules/@sys-one/julia-serve-darwin-x64": {
      "version": "1.0.0",
      "resolved": "https://registry.npmjs.org/@sys-one/julia-serve-darwin-x64/-/julia-serve-darwin-x64-1.0.0.tgz",
      "integrity": "sha512-LA7tpi7PqXuZ4EzLIYo7UzYXi9lr6V+XJCTvKruPNFwGlqyk07opeViShFriGKEy9siYN8/iI5OHB0ZSlh9ufg==",
      "cpu": [
        "x64"
      ],
      "license": "Apache-2.0",
      "optional": true,
      "os": [
        "darwin"
      ]
    },
    "node_modules/@sys-one/julia-serve-linux-arm64": {
      "version": "1.0.0",
      "resolved": "https://registry.npmjs.org/@sys-one/julia-serve-linux-arm64/-/julia-serve-linux-arm64-1.0.0.tgz",
      "integrity": "sha512-ig99y9bd8rC2RhtMQAe9psM6E6z0CqAsS/RSpXBIJ78G5qTYzcxJBYA5Jic//QNQSD2q166vpdOiRAV+43V32w==",
      "cpu": [
        "arm64"
      ],
      "license": "Apache-2.0",
      "optional": true,
      "os": [
        "linux"
      ]
    },
    "node_modules/@sys-one/julia-serve-linux-x64": {
      "version": "1.0.0",
      "resolved": "https://registry.npmjs.org/@sys-one/julia-serve-linux-x64/-/julia-serve-linux-x64-1.0.0.tgz",
      "integrity": "sha512-0CK1Mb+y7TH4duBTfdd1D0nEx8j1f99cV1VEw2LJx7RbO8VXpkhpPnHVwj7QW5GKJ3dViD2CyPH60lst1brdOw==",
      "cpu": [
        "x64"
      ],
      "license": "Apache-2.0",
      "optional": true,
      "os": [
        "linux"
      ]
    },
    "node_modules/@sys-one/julia-serve-universal": {
      "version": "1.0.0",
      "resolved": "https://registry.npmjs.org/@sys-one/julia-serve-universal/-/julia-serve-universal-1.0.0.tgz",
      "integrity": "sha512-K8izCCRPOlSVoOEdCTqolZnP5OJZxm7nA5ezIxFFG1BTHKJY5IbFab4xfCFjtfIDtdo4hObnfeQs1zL2J8Qo0w==",
      "cpu": [
        "ppc64",
        "ppc64le",
        "s390x",
        "riscv64",
        "ia32",
        "loong64",
        "mips",
        "mips64",
        "mips64el",
        "arm",
        "armel"
      ],
      "license": "Apache-2.0",
      "optional": true,
      "os": [
        "darwin",
        "win32",
        "linux",
        "freebsd",
        "openbsd",
        "netbsd",
        "sunos",
        "aix"
      ]
    },
    "node_modules/@sys-one/julia-serve-win32-arm64": {
      "version": "1.0.0",
      "resolved": "https://registry.npmjs.org/@sys-one/julia-serve-win32-arm64/-/julia-serve-win32-arm64-1.0.0.tgz",
      "integrity": "sha512-YMN/HgQWU1s4C5yENQGgLjNdNUsHB/ohn8O5+0EpEiTRpX2hTrrHBar2i8sQgDchfZ9793lS+A/C02OLQS1Imw==",
      "cpu": [
        "arm64"
      ],
      "license": "Apache-2.0",
      "optional": true,
      "os": [
        "win32"
      ]
    },
    "node_modules/@sys-one/julia-serve-win32-x64": {
      "version": "1.0.0",
      "resolved": "https://registry.npmjs.org/@sys-one/julia-serve-win32-x64/-/julia-serve-win32-x64-1.0.0.tgz",
      "integrity": "sha512-xkB16uGdWRXrTXEtKwgYNAZimy+utuHmKkYkEqjHUG9SjM3IlsWCasjbBMkTWAFTBqNuRSz8vhRwDms/rCfQmQ==",
      "cpu": [
        "x64"
      ],
      "license": "Apache-2.0",
      "optional": true,
      "os": [
        "win32"
      ]
    }
  }
}
